// !$*UTF8*$!
{
	archiveVersion = 1;
	classes = {
	};
	objectVersion = 56;
	objects = {

/* Begin PBXBuildFile section */
		ED827BB229B06EA500D4DB04 /* AppDelegate.swift in Sources */ = {isa = PBXBuildFile; fileRef = ED827BB129B06EA500D4DB04 /* AppDelegate.swift */; };
		ED827BB429B06EA500D4DB04 /* SceneDelegate.swift in Sources */ = {isa = PBXBuildFile; fileRef = ED827BB329B06EA500D4DB04 /* SceneDelegate.swift */; };
		ED827BB629B06EA500D4DB04 /* ViewController.swift in Sources */ = {isa = PBXBuildFile; fileRef = ED827BB529B06EA500D4DB04 /* ViewController.swift */; };
		ED827BB929B06EA500D4DB04 /* Main.storyboard in Resources */ = {isa = PBXBuildFile; fileRef = ED827BB729B06EA500D4DB04 /* Main.storyboard */; };
		ED827BBB29B06EA600D4DB04 /* Assets.xcassets in Resources */ = {isa = PBXBuildFile; fileRef = ED827BBA29B06EA600D4DB04 /* Assets.xcassets */; };
		ED827BBE29B06EA600D4DB04 /* LaunchScreen.storyboard in Resources */ = {isa = PBXBuildFile; fileRef = ED827BBC29B06EA600D4DB04 /* LaunchScreen.storyboard */; };
		ED827BC929B06EA600D4DB04 /* Concurrency_PracticeTests.swift in Sources */ = {isa = PBXBuildFile; fileRef = ED827BC829B06EA600D4DB04 /* Concurrency_PracticeTests.swift */; };
		ED827BD329B06EA600D4DB04 /* Concurrency_PracticeUITests.swift in Sources */ = {isa = PBXBuildFile; fileRef = ED827BD229B06EA600D4DB04 /* Concurrency_PracticeUITests.swift */; };
		ED827BD529B06EA600D4DB04 /* Concurrency_PracticeUITestsLaunchTests.swift in Sources */ = {isa = PBXBuildFile; fileRef = ED827BD429B06EA600D4DB04 /* Concurrency_PracticeUITestsLaunchTests.swift */; };
/* End PBXBuildFile section */

/* Begin PBXContainerItemProxy section */
		ED827BC529B06EA600D4DB04 /* PBXContainerItemProxy */ = {
			isa = PBXContainerItemProxy;
			containerPortal = ED827BA629B06EA500D4DB04 /* Project object */;
			proxyType = 1;
			remoteGlobalIDString = ED827BAD29B06EA500D4DB04;
			remoteInfo = "Concurrency-Practice";
		};
		ED827BCF29B06EA600D4DB04 /* PBXContainerItemProxy */ = {
			isa = PBXContainerItemProxy;
			containerPortal = ED827BA629B06EA500D4DB04 /* Project object */;
			proxyType = 1;
			remoteGlobalIDString = ED827BAD29B06EA500D4DB04;
			remoteInfo = "Concurrency-Practice";
		};
/* End PBXContainerItemProxy section */

/* Begin PBXFileReference section */
		ED827BAE29B06EA500D4DB04 /* Concurrency-Practice.app */ = {isa = PBXFileReference; explicitFileType = wrapper.application; includeInIndex = 0; path = "Concurrency-Practice.app"; sourceTree = BUILT_PRODUCTS_DIR; };
		ED827BB129B06EA500D4DB04 /* AppDelegate.swift */ = {isa = PBXFileReference; lastKnownFileType = sourcecode.swift; path = AppDelegate.swift; sourceTree = "<group>"; };
		ED827BB329B06EA500D4DB04 /* SceneDelegate.swift */ = {isa = PBXFileReference; lastKnownFileType = sourcecode.swift; path = SceneDelegate.swift; sourceTree = "<group>"; };
		ED827BB529B06EA500D4DB04 /* ViewController.swift */ = {isa = PBXFileReference; lastKnownFileType = sourcecode.swift; path = ViewController.swift; sourceTree = "<group>"; };
		ED827BB829B06EA500D4DB04 /* Base */ = {isa = PBXFileReference; lastKnownFileType = file.storyboard; name = Base; path = Base.lproj/Main.storyboard; sourceTree = "<group>"; };
		ED827BBA29B06EA600D4DB04 /* Assets.xcassets */ = {isa = PBXFileReference; lastKnownFileType = folder.assetcatalog; path = Assets.xcassets; sourceTree = "<group>"; };
		ED827BBD29B06EA600D4DB04 /* Base */ = {isa = PBXFileReference; lastKnownFileType = file.storyboard; name = Base; path = Base.lproj/LaunchScreen.storyboard; sourceTree = "<group>"; };
		ED827BBF29B06EA600D4DB04 /* Info.plist */ = {isa = PBXFileReference; lastKnownFileType = text.plist.xml; path = Info.plist; sourceTree = "<group>"; };
		ED827BC429B06EA600D4DB04 /* Concurrency-PracticeTests.xctest */ = {isa = PBXFileReference; explicitFileType = wrapper.cfbundle; includeInIndex = 0; path = "Concurrency-PracticeTests.xctest"; sourceTree = BUILT_PRODUCTS_DIR; };
		ED827BC829B06EA600D4DB04 /* Concurrency_PracticeTests.swift */ = {isa = PBXFileReference; lastKnownFileType = sourcecode.swift; path = Concurrency_PracticeTests.swift; sourceTree = "<group>"; };
		ED827BCE29B06EA600D4DB04 /* Concurrency-PracticeUITests.xctest */ = {isa = PBXFileReference; explicitFileType = wrapper.cfbundle; includeInIndex = 0; path = "Concurrency-PracticeUITests.xctest"; sourceTree = BUILT_PRODUCTS_DIR; };
		ED827BD229B06EA600D4DB04 /* Concurrency_PracticeUITests.swift */ = {isa = PBXFileReference; lastKnownFileType = sourcecode.swift; path = Concurrency_PracticeUITests.swift; sourceTree = "<group>"; };
		ED827BD429B06EA600D4DB04 /* Concurrency_PracticeUITestsLaunchTests.swift */ = {isa = PBXFileReference; lastKnownFileType = sourcecode.swift; path = Concurrency_PracticeUITestsLaunchTests.swift; sourceTree = "<group>"; };
/* End PBXFileReference section */

/* Begin PBXFrameworksBuildPhase section */
		ED827BAB29B06EA500D4DB04 /* Frameworks */ = {
			isa = PBXFrameworksBuildPhase;
			buildActionMask = 2147483647;
			files = (
			);
			runOnlyForDeploymentPostprocessing = 0;
		};
		ED827BC129B06EA600D4DB04 /* Frameworks */ = {
			isa = PBXFrameworksBuildPhase;
			buildActionMask = 2147483647;
			files = (
			);
			runOnlyForDeploymentPostprocessing = 0;
		};
		ED827BCB29B06EA600D4DB04 /* Frameworks */ = {
			isa = PBXFrameworksBuildPhase;
			buildActionMask = 2147483647;
			files = (
			);
			runOnlyForDeploymentPostprocessing = 0;
		};
/* End PBXFrameworksBuildPhase section */

/* Begin PBXGroup section */
		ED827BA529B06EA500D4DB04 = {
			isa = PBXGroup;
			children = (
				ED827BB029B06EA500D4DB04 /* Concurrency-Practice */,
				ED827BC729B06EA600D4DB04 /* Concurrency-PracticeTests */,
				ED827BD129B06EA600D4DB04 /* Concurrency-PracticeUITests */,
				ED827BAF29B06EA500D4DB04 /* Products */,
			);
			sourceTree = "<group>";
		};
		ED827BAF29B06EA500D4DB04 /* Products */ = {
			isa = PBXGroup;
			children = (
				ED827BAE29B06EA500D4DB04 /* Concurrency-Practice.app */,
				ED827BC429B06EA600D4DB04 /* Concurrency-PracticeTests.xctest */,
				ED827BCE29B06EA600D4DB04 /* Concurrency-PracticeUITests.xctest */,
			);
			name = Products;
			sourceTree = "<group>";
		};
		ED827BB029B06EA500D4DB04 /* Concurrency-Practice */ = {
			isa = PBXGroup;
			children = (
				ED827BB129B06EA500D4DB04 /* AppDelegate.swift */,
				ED827BB329B06EA500D4DB04 /* SceneDelegate.swift */,
				ED827BB529B06EA500D4DB04 /* ViewController.swift */,
				ED827BB729B06EA500D4DB04 /* Main.storyboard */,
				ED827BBA29B06EA600D4DB04 /* Assets.xcassets */,
				ED827BBC29B06EA600D4DB04 /* LaunchScreen.storyboard */,
				ED827BBF29B06EA600D4DB04 /* Info.plist */,
			);
			path = "Concurrency-Practice";
			sourceTree = "<group>";
		};
		ED827BC729B06EA600D4DB04 /* Concurrency-PracticeTests */ = {
			isa = PBXGroup;
			children = (
				ED827BC829B06EA600D4DB04 /* Concurrency_PracticeTests.swift */,
			);
			path = "Concurrency-PracticeTests";
			sourceTree = "<group>";
		};
		ED827BD129B06EA600D4DB04 /* Concurrency-PracticeUITests */ = {
			isa = PBXGroup;
			children = (
				ED827BD229B06EA600D4DB04 /* Concurrency_PracticeUITests.swift */,
				ED827BD429B06EA600D4DB04 /* Concurrency_PracticeUITestsLaunchTests.swift */,
			);
			path = "Concurrency-PracticeUITests";
			sourceTree = "<group>";
		};
/* End PBXGroup section */

/* Begin PBXNativeTarget section */
		ED827BAD29B06EA500D4DB04 /* Concurrency-Practice */ = {
			isa = PBXNativeTarget;
			buildConfigurationList = ED827BD829B06EA600D4DB04 /* Build configuration list for PBXNativeTarget "Concurrency-Practice" */;
			buildPhases = (
				ED827BAA29B06EA500D4DB04 /* Sources */,
				ED827BAB29B06EA500D4DB04 /* Frameworks */,
				ED827BAC29B06EA500D4DB04 /* Resources */,
			);
			buildRules = (
			);
			dependencies = (
			);
			name = "Concurrency-Practice";
			productName = "Concurrency-Practice";
			productReference = ED827BAE29B06EA500D4DB04 /* Concurrency-Practice.app */;
			productType = "com.apple.product-type.application";
		};
		ED827BC329B06EA600D4DB04 /* Concurrency-PracticeTests */ = {
			isa = PBXNativeTarget;
			buildConfigurationList = ED827BDB29B06EA600D4DB04 /* Build configuration list for PBXNativeTarget "Concurrency-PracticeTests" */;
			buildPhases = (
				ED827BC029B06EA600D4DB04 /* Sources */,
				ED827BC129B06EA600D4DB04 /* Frameworks */,
				ED827BC229B06EA600D4DB04 /* Resources */,
			);
			buildRules = (
			);
			dependencies = (
				ED827BC629B06EA600D4DB04 /* PBXTargetDependency */,
			);
			name = "Concurrency-PracticeTests";
			productName = "Concurrency-PracticeTests";
			productReference = ED827BC429B06EA600D4DB04 /* Concurrency-PracticeTests.xctest */;
			productType = "com.apple.product-type.bundle.unit-test";
		};
		ED827BCD29B06EA600D4DB04 /* Concurrency-PracticeUITests */ = {
			isa = PBXNativeTarget;
			buildConfigurationList = ED827BDE29B06EA600D4DB04 /* Build configuration list for PBXNativeTarget "Concurrency-PracticeUITests" */;
			buildPhases = (
				ED827BCA29B06EA600D4DB04 /* Sources */,
				ED827BCB29B06EA600D4DB04 /* Frameworks */,
				ED827BCC29B06EA600D4DB04 /* Resources */,
			);
			buildRules = (
			);
			dependencies = (
				ED827BD029B06EA600D4DB04 /* PBXTargetDependency */,
			);
			name = "Concurrency-PracticeUITests";
			productName = "Concurrency-PracticeUITests";
			productReference = ED827BCE29B06EA600D4DB04 /* Concurrency-PracticeUITests.xctest */;
			productType = "com.apple.product-type.bundle.ui-testing";
		};
/* End PBXNativeTarget section */

/* Begin PBXProject section */
		ED827BA629B06EA500D4DB04 /* Project object */ = {
			isa = PBXProject;
			attributes = {
				BuildIndependentTargetsInParallel = 1;
				LastSwiftUpdateCheck = 1420;
				LastUpgradeCheck = 1420;
				TargetAttributes = {
					ED827BAD29B06EA500D4DB04 = {
						CreatedOnToolsVersion = 14.2;
					};
					ED827BC329B06EA600D4DB04 = {
						CreatedOnToolsVersion = 14.2;
						TestTargetID = ED827BAD29B06EA500D4DB04;
					};
					ED827BCD29B06EA600D4DB04 = {
						CreatedOnToolsVersion = 14.2;
						TestTargetID = ED827BAD29B06EA500D4DB04;
					};
				};
			};
			buildConfigurationList = ED827BA929B06EA500D4DB04 /* Build configuration list for PBXProject "Concurrency-Practice" */;
			compatibilityVersion = "Xcode 14.0";
			developmentRegion = en;
			hasScannedForEncodings = 0;
			knownRegions = (
				en,
				Base,
			);
			mainGroup = ED827BA529B06EA500D4DB04;
			productRefGroup = ED827BAF29B06EA500D4DB04 /* Products */;
			projectDirPath = "";
			projectRoot = "";
			targets = (
				ED827BAD29B06EA500D4DB04 /* Concurrency-Practice */,
				ED827BC329B06EA600D4DB04 /* Concurrency-PracticeTests */,
				ED827BCD29B06EA600D4DB04 /* Concurrency-PracticeUITests */,
			);
		};
/* End PBXProject section */

/* Begin PBXResourcesBuildPhase section */
		ED827BAC29B06EA500D4DB04 /* Resources */ = {
			isa = PBXResourcesBuildPhase;
			buildActionMask = 2147483647;
			files = (
				ED827BBE29B06EA600D4DB04 /* LaunchScreen.storyboard in Resources */,
				ED827BBB29B06EA600D4DB04 /* Assets.xcassets in Resources */,
				ED827BB929B06EA500D4DB04 /* Main.storyboard in Resources */,
			);
			runOnlyForDeploymentPostprocessing = 0;
		};
		ED827BC229B06EA600D4DB04 /* Resources */ = {
			isa = PBXResourcesBuildPhase;
			buildActionMask = 2147483647;
			files = (
			);
			runOnlyForDeploymentPostprocessing = 0;
		};
		ED827BCC29B06EA600D4DB04 /* Resources */ = {
			isa = PBXResourcesBuildPhase;
			buildActionMask = 2147483647;
			files = (
			);
			runOnlyForDeploymentPostprocessing = 0;
		};
/* End PBXResourcesBuildPhase section */

/* Begin PBXSourcesBuildPhase section */
		ED827BAA29B06EA500D4DB04 /* Sources */ = {
			isa = PBXSourcesBuildPhase;
			buildActionMask = 2147483647;
			files = (
				ED827BB629B06EA500D4DB04 /* ViewController.swift in Sources */,
				ED827BB229B06EA500D4DB04 /* AppDelegate.swift in Sources */,
				ED827BB429B06EA500D4DB04 /* SceneDelegate.swift in Sources */,
			);
			runOnlyForDeploymentPostprocessing = 0;
		};
		ED827BC029B06EA600D4DB04 /* Sources */ = {
			isa = PBXSourcesBuildPhase;
			buildActionMask = 2147483647;
			files = (
				ED827BC929B06EA600D4DB04 /* Concurrency_PracticeTests.swift in Sources */,
			);
			runOnlyForDeploymentPostprocessing = 0;
		};
		ED827BCA29B06EA600D4DB04 /* Sources */ = {
			isa = PBXSourcesBuildPhase;
			buildActionMask = 2147483647;
			files = (
				ED827BD329B06EA600D4DB04 /* Concurrency_PracticeUITests.swift in Sources */,
				ED827BD529B06EA600D4DB04 /* Concurrency_PracticeUITestsLaunchTests.swift in Sources */,
			);
			runOnlyForDeploymentPostprocessing = 0;
		};
/* End PBXSourcesBuildPhase section */

/* Begin PBXTargetDependency section */
		ED827BC629B06EA600D4DB04 /* PBXTargetDependency */ = {
			isa = PBXTargetDependency;
			target = ED827BAD29B06EA500D4DB04 /* Concurrency-Practice */;
			targetProxy = ED827BC529B06EA600D4DB04 /* PBXContainerItemProxy */;
		};
		ED827BD029B06EA600D4DB04 /* PBXTargetDependency */ = {
			isa = PBXTargetDependency;
			target = ED827BAD29B06EA500D4DB04 /* Concurrency-Practice */;
			targetProxy = ED827BCF29B06EA600D4DB04 /* PBXContainerItemProxy */;
		};
/* End PBXTargetDependency section */

/* Begin PBXVariantGroup section */
		ED827BB729B06EA500D4DB04 /* Main.storyboard */ = {
			isa = PBXVariantGroup;
			children = (
				ED827BB829B06EA500D4DB04 /* Base */,
			);
			name = Main.storyboard;
			sourceTree = "<group>";
		};
		ED827BBC29B06EA600D4DB04 /* LaunchScreen.storyboard */ = {
			isa = PBXVariantGroup;
			children = (
				ED827BBD29B06EA600D4DB04 /* Base */,
			);
			name = LaunchScreen.storyboard;
			sourceTree = "<group>";
		};
/* End PBXVariantGroup section */

/* Begin XCBuildConfiguration section */
		ED827BD629B06EA600D4DB04 /* Debug */ = {
			isa = XCBuildConfiguration;
			buildSettings = {
				ALWAYS_SEARCH_USER_PATHS = NO;
				CLANG_ANALYZER_NONNULL = YES;
				CLANG_ANALYZER_NUMBER_OBJECT_CONVERSION = YES_AGGRESSIVE;
				CLANG_CXX_LANGUAGE_STANDARD = "gnu++20";
				CLANG_ENABLE_MODULES = YES;
				CLANG_ENABLE_OBJC_ARC = YES;
				CLANG_ENABLE_OBJC_WEAK = YES;
				CLANG_WARN_BLOCK_CAPTURE_AUTORELEASING = YES;
				CLANG_WARN_BOOL_CONVERSION = YES;
				CLANG_WARN_COMMA = YES;
				CLANG_WARN_CONSTANT_CONVERSION = YES;
				CLANG_WARN_DEPRECATED_OBJC_IMPLEMENTATIONS = YES;
				CLANG_WARN_DIRECT_OBJC_ISA_USAGE = YES_ERROR;
				CLANG_WARN_DOCUMENTATION_COMMENTS = YES;
				CLANG_WARN_EMPTY_BODY = YES;
				CLANG_WARN_ENUM_CONVERSION = YES;
				CLANG_WARN_INFINITE_RECURSION = YES;
				CLANG_WARN_INT_CONVERSION = YES;
				CLANG_WARN_NON_LITERAL_NULL_CONVERSION = YES;
				CLANG_WARN_OBJC_IMPLICIT_RETAIN_SELF = YES;
				CLANG_WARN_OBJC_LITERAL_CONVERSION = YES;
				CLANG_WARN_OBJC_ROOT_CLASS = YES_ERROR;
				CLANG_WARN_QUOTED_INCLUDE_IN_FRAMEWORK_HEADER = YES;
				CLANG_WARN_RANGE_LOOP_ANALYSIS = YES;
				CLANG_WARN_STRICT_PROTOTYPES = YES;
				CLANG_WARN_SUSPICIOUS_MOVE = YES;
				CLANG_WARN_UNGUARDED_AVAILABILITY = YES_AGGRESSIVE;
				CLANG_WARN_UNREACHABLE_CODE = YES;
				CLANG_WARN__DUPLICATE_METHOD_MATCH = YES;
				COPY_PHASE_STRIP = NO;
				DEBUG_INFORMATION_FORMAT = dwarf;
				ENABLE_STRICT_OBJC_MSGSEND = YES;
				ENABLE_TESTABILITY = YES;
				GCC_C_LANGUAGE_STANDARD = gnu11;
				GCC_DYNAMIC_NO_PIC = NO;
				GCC_NO_COMMON_BLOCKS = YES;
				GCC_OPTIMIZATION_LEVEL = 0;
				GCC_PREPROCESSOR_DEFINITIONS = (
					"DEBUG=1",
					"$(inherited)",
				);
				GCC_WARN_64_TO_32_BIT_CONVERSION = YES;
				GCC_WARN_ABOUT_RETURN_TYPE = YES_ERROR;
				GCC_WARN_UNDECLARED_SELECTOR = YES;
				GCC_WARN_UNINITIALIZED_AUTOS = YES_AGGRESSIVE;
				GCC_WARN_UNUSED_FUNCTION = YES;
				GCC_WARN_UNUSED_VARIABLE = YES;
				IPHONEOS_DEPLOYMENT_TARGET = 16.2;
				MTL_ENABLE_DEBUG_INFO = INCLUDE_SOURCE;
				MTL_FAST_MATH = YES;
				ONLY_ACTIVE_ARCH = YES;
				SDKROOT = iphoneos;
				SWIFT_ACTIVE_COMPILATION_CONDITIONS = DEBUG;
				SWIFT_OPTIMIZATION_LEVEL = "-Onone";
			};
			name = Debug;
		};
		ED827BD729B06EA600D4DB04 /* Release */ = {
			isa = XCBuildConfiguration;
			buildSettings = {
				ALWAYS_SEARCH_USER_PATHS = NO;
				CLANG_ANALYZER_NONNULL = YES;
				CLANG_ANALYZER_NUMBER_OBJECT_CONVERSION = YES_AGGRESSIVE;
				CLANG_CXX_LANGUAGE_STANDARD = "gnu++20";
				CLANG_ENABLE_MODULES = YES;
				CLANG_ENABLE_OBJC_ARC = YES;
				CLANG_ENABLE_OBJC_WEAK = YES;
				CLANG_WARN_BLOCK_CAPTURE_AUTORELEASING = YES;
				CLANG_WARN_BOOL_CONVERSION = YES;
				CLANG_WARN_COMMA = YES;
				CLANG_WARN_CONSTANT_CONVERSION = YES;
				CLANG_WARN_DEPRECATED_OBJC_IMPLEMENTATIONS = YES;
				CLANG_WARN_DIRECT_OBJC_ISA_USAGE = YES_ERROR;
				CLANG_WARN_DOCUMENTATION_COMMENTS = YES;
				CLANG_WARN_EMPTY_BODY = YES;
				CLANG_WARN_ENUM_CONVERSION = YES;
				CLANG_WARN_INFINITE_RECURSION = YES;
				CLANG_WARN_INT_CONVERSION = YES;
				CLANG_WARN_NON_LITERAL_NULL_CONVERSION = YES;
				CLANG_WARN_OBJC_IMPLICIT_RETAIN_SELF = YES;
				CLANG_WARN_OBJC_LITERAL_CONVERSION = YES;
				CLANG_WARN_OBJC_ROOT_CLASS = YES_ERROR;
				CLANG_WARN_QUOTED_INCLUDE_IN_FRAMEWORK_HEADER = YES;
				CLANG_WARN_RANGE_LOOP_ANALYSIS = YES;
				CLANG_WARN_STRICT_PROTOTYPES = YES;
				CLANG_WARN_SUSPICIOUS_MOVE = YES;
				CLANG_WARN_UNGUARDED_AVAILABILITY = YES_AGGRESSIVE;
				CLANG_WARN_UNREACHABLE_CODE = YES;
				CLANG_WARN__DUPLICATE_METHOD_MATCH = YES;
				COPY_PHASE_STRIP = NO;
				DEBUG_INFORMATION_FORMAT = "dwarf-with-dsym";
				ENABLE_NS_ASSERTIONS = NO;
				ENABLE_STRICT_OBJC_MSGSEND = YES;
				GCC_C_LANGUAGE_STANDARD = gnu11;
				GCC_NO_COMMON_BLOCKS = YES;
				GCC_WARN_64_TO_32_BIT_CONVERSION = YES;
				GCC_WARN_ABOUT_RETURN_TYPE = YES_ERROR;
				GCC_WARN_UNDECLARED_SELECTOR = YES;
				GCC_WARN_UNINITIALIZED_AUTOS = YES_AGGRESSIVE;
				GCC_WARN_UNUSED_FUNCTION = YES;
				GCC_WARN_UNUSED_VARIABLE = YES;
				IPHONEOS_DEPLOYMENT_TARGET = 16.2;
				MTL_ENABLE_DEBUG_INFO = NO;
				MTL_FAST_MATH = YES;
				SDKROOT = iphoneos;
				SWIFT_COMPILATION_MODE = wholemodule;
				SWIFT_OPTIMIZATION_LEVEL = "-O";
				VALIDATE_PRODUCT = YES;
			};
			name = Release;
		};
		ED827BD929B06EA600D4DB04 /* Debug */ = {
			isa = XCBuildConfiguration;
			buildSettings = {
				ASSETCATALOG_COMPILER_APPICON_NAME = AppIcon;
				ASSETCATALOG_COMPILER_GLOBAL_ACCENT_COLOR_NAME = AccentColor;
				CODE_SIGN_STYLE = Automatic;
				CURRENT_PROJECT_VERSION = 1;
				DEVELOPMENT_TEAM = 82J7RU93V4;
				GENERATE_INFOPLIST_FILE = YES;
				INFOPLIST_FILE = "Concurrency-Practice/Info.plist";
				INFOPLIST_KEY_UIApplicationSupportsIndirectInputEvents = YES;
				INFOPLIST_KEY_UILaunchStoryboardName = LaunchScreen;
				INFOPLIST_KEY_UIMainStoryboardFile = Main;
				INFOPLIST_KEY_UISupportedInterfaceOrientations_iPad = "UIInterfaceOrientationPortrait UIInterfaceOrientationPortraitUpsideDown UIInterfaceOrientationLandscapeLeft UIInterfaceOrientationLandscapeRight";
				INFOPLIST_KEY_UISupportedInterfaceOrientations_iPhone = "UIInterfaceOrientationPortrait UIInterfaceOrientationLandscapeLeft UIInterfaceOrientationLandscapeRight";
				LD_RUNPATH_SEARCH_PATHS = (
					"$(inherited)",
					"@executable_path/Frameworks",
				);
				MARKETING_VERSION = 1.0;
				PRODUCT_BUNDLE_IDENTIFIER = "com.JongHoon.Concurrency-Practice";
				PRODUCT_NAME = "$(TARGET_NAME)";
				SWIFT_EMIT_LOC_STRINGS = YES;
				SWIFT_VERSION = 5.0;
				TARGETED_DEVICE_FAMILY = "1,2";
			};
			name = Debug;
		};
		ED827BDA29B06EA600D4DB04 /* Release */ = {
			isa = XCBuildConfiguration;
			buildSettings = {
				ASSETCATALOG_COMPILER_APPICON_NAME = AppIcon;
				ASSETCATALOG_COMPILER_GLOBAL_ACCENT_COLOR_NAME = AccentColor;
				CODE_SIGN_STYLE = Automatic;
				CURRENT_PROJECT_VERSION = 1;
				DEVELOPMENT_TEAM = 82J7RU93V4;
				GENERATE_INFOPLIST_FILE = YES;
				INFOPLIST_FILE = "Concurrency-Practice/Info.plist";
				INFOPLIST_KEY_UIApplicationSupportsIndirectInputEvents = YES;
				INFOPLIST_KEY_UILaunchStoryboardName = LaunchScreen;
				INFOPLIST_KEY_UIMainStoryboardFile = Main;
				INFOPLIST_KEY_UISupportedInterfaceOrientations_iPad = "UIInterfaceOrientationPortrait UIInterfaceOrientationPortraitUpsideDown UIInterfaceOrientationLandscapeLeft UIInterfaceOrientationLandscapeRight";
				INFOPLIST_KEY_UISupportedInterfaceOrientations_iPhone = "UIInterfaceOrientationPortrait UIInterfaceOrientationLandscapeLeft UIInterfaceOrientationLandscapeRight";
				LD_RUNPATH_SEARCH_PATHS = (
					"$(inherited)",
					"@executable_path/Frameworks",
				);
				MARKETING_VERSION = 1.0;
				PRODUCT_BUNDLE_IDENTIFIER = "com.JongHoon.Concurrency-Practice";
				PRODUCT_NAME = "$(TARGET_NAME)";
				SWIFT_EMIT_LOC_STRINGS = YES;
				SWIFT_VERSION = 5.0;
				TARGETED_DEVICE_FAMILY = "1,2";
			};
			name = Release;
		};
		ED827BDC29B06EA600D4DB04 /* Debug */ = {
			isa = XCBuildConfiguration;
			buildSettings = {
				ALWAYS_EMBED_SWIFT_STANDARD_LIBRARIES = YES;
				BUNDLE_LOADER = "$(TEST_HOST)";
				CODE_SIGN_STYLE = Automatic;
				CURRENT_PROJECT_VERSION = 1;
				DEVELOPMENT_TEAM = 82J7RU93V4;
				GENERATE_INFOPLIST_FILE = YES;
				IPHONEOS_DEPLOYMENT_TARGET = 16.2;
				MARKETING_VERSION = 1.0;
				PRODUCT_BUNDLE_IDENTIFIER = "com.JongHoon.Concurrency-PracticeTests";
				PRODUCT_NAME = "$(TARGET_NAME)";
				SWIFT_EMIT_LOC_STRINGS = NO;
				SWIFT_VERSION = 5.0;
				TARGETED_DEVICE_FAMILY = "1,2";
				TEST_HOST = "$(BUILT_PRODUCTS_DIR)/Concurrency-Practice.app/$(BUNDLE_EXECUTABLE_FOLDER_PATH)/Concurrency-Practice";
			};
			name = Debug;
		};
		ED827BDD29B06EA600D4DB04 /* Release */ = {
			isa = XCBuildConfiguration;
			buildSettings = {
				ALWAYS_EMBED_SWIFT_STANDARD_LIBRARIES = YES;
				BUNDLE_LOADER = "$(TEST_HOST)";
				CODE_SIGN_STYLE = Automatic;
				CURRENT_PROJECT_VERSION = 1;
				DEVELOPMENT_TEAM = 82J7RU93V4;
				GENERATE_INFOPLIST_FILE = YES;
				IPHONEOS_DEPLOYMENT_TARGET = 16.2;
				MARKETING_VERSION = 1.0;
				PRODUCT_BUNDLE_IDENTIFIER = "com.JongHoon.Concurrency-PracticeTests";
				PRODUCT_NAME = "$(TARGET_NAME)";
				SWIFT_EMIT_LOC_STRINGS = NO;
				SWIFT_VERSION = 5.0;
				TARGETED_DEVICE_FAMILY = "1,2";
				TEST_HOST = "$(BUILT_PRODUCTS_DIR)/Concurrency-Practice.app/$(BUNDLE_EXECUTABLE_FOLDER_PATH)/Concurrency-Practice";
			};
			name = Release;
		};
		ED827BDF29B06EA600D4DB04 /* Debug */ = {
			isa = XCBuildConfiguration;
			buildSettings = {
				ALWAYS_EMBED_SWIFT_STANDARD_LIBRARIES = YES;
				CODE_SIGN_STYLE = Automatic;
				CURRENT_PROJECT_VERSION = 1;
				DEVELOPMENT_TEAM = 82J7RU93V4;
				GENERATE_INFOPLIST_FILE = YES;
				MARKETING_VERSION = 1.0;
				PRODUCT_BUNDLE_IDENTIFIER = "com.JongHoon.Concurrency-PracticeUITests";
				PRODUCT_NAME = "$(TARGET_NAME)";
				SWIFT_EMIT_LOC_STRINGS = NO;
				SWIFT_VERSION = 5.0;
				TARGETED_DEVICE_FAMILY = "1,2";
				TEST_TARGET_NAME = "Concurrency-Practice";
			};
			name = Debug;
		};
		ED827BE029B06EA600D4DB04 /* Release */ = {
			isa = XCBuildConfiguration;
			buildSettings = {
				ALWAYS_EMBED_SWIFT_STANDARD_LIBRARIES = YES;
				CODE_SIGN_STYLE = Automatic;
				CURRENT_PROJECT_VERSION = 1;
				DEVELOPMENT_TEAM = 82J7RU93V4;
				GENERATE_INFOPLIST_FILE = YES;
				MARKETING_VERSION = 1.0;
				PRODUCT_BUNDLE_IDENTIFIER = "com.JongHoon.Concurrency-PracticeUITests";
				PRODUCT_NAME = "$(TARGET_NAME)";
				SWIFT_EMIT_LOC_STRINGS = NO;
				SWIFT_VERSION = 5.0;
				TARGETED_DEVICE_FAMILY = "1,2";
				TEST_TARGET_NAME = "Concurrency-Practice";
			};
			name = Release;
		};
/* End XCBuildConfiguration section */

/* Begin XCConfigurationList section */
		ED827BA929B06EA500D4DB04 /* Build configuration list for PBXProject "Concurrency-Practice" */ = {
			isa = XCConfigurationList;
			buildConfigurations = (
				ED827BD629B06EA600D4DB04 /* Debug */,
				ED827BD729B06EA600D4DB04 /* Release */,
			);
			defaultConfigurationIsVisible = 0;
			defaultConfigurationName = Release;
		};
		ED827BD829B06EA600D4DB04 /* Build configuration list for PBXNativeTarget "Concurrency-Practice" */ = {
			isa = XCConfigurationList;
			buildConfigurations = (
				ED827BD929B06EA600D4DB04 /* Debug */,
				ED827BDA29B06EA600D4DB04 /* Release */,
			);
			defaultConfigurationIsVisible = 0;
			defaultConfigurationName = Release;
		};
		ED827BDB29B06EA600D4DB04 /* Build configuration list for PBXNativeTarget "Concurrency-PracticeTests" */ = {
			isa = XCConfigurationList;
			buildConfigurations = (
				ED827BDC29B06EA600D4DB04 /* Debug */,
				ED827BDD29B06EA600D4DB04 /* Release */,
			);
			defaultConfigurationIsVisible = 0;
			defaultConfigurationName = Release;
		};
		ED827BDE29B06EA600D4DB04 /* Build configuration list for PBXNativeTarget "Concurrency-PracticeUITests" */ = {
			isa = XCConfigurationList;
			buildConfigurations = (
				ED827BDF29B06EA600D4DB04 /* Debug */,
				ED827BE029B06EA600D4DB04 /* Release */,
			);
			defaultConfigurationIsVisible = 0;
			defaultConfigurationName = Release;
		};
/* End XCConfigurationList section */
	};
	rootObject = ED827BA629B06EA500D4DB04 /* Project object */;
}
